speakeasyVersion: 1.307.2
sources:
    clerk-java-sdk:
        sourceNamespace: clerk-java-sdk
        sourceRevisionDigest: sha256:f0252d7987c351526256cbdb6d0a862a7561a5d19302a41f749bb83bcac68bd6
        sourceBlobDigest: sha256:be6a2adf86086a55368c73204dfb84b5ca2f9d8514f771aff33857624a212e56
        tags:
            - latest
            - main
targets:
    my-first-target:
        source: clerk-java-sdk
        sourceNamespace: clerk-java-sdk
        sourceRevisionDigest: sha256:f0252d7987c351526256cbdb6d0a862a7561a5d19302a41f749bb83bcac68bd6
        sourceBlobDigest: sha256:be6a2adf86086a55368c73204dfb84b5ca2f9d8514f771aff33857624a212e56
        outLocation: /github/workspace/repo
workflow:
    workflowVersion: 1.0.0
    speakeasyVersion: latest
    sources:
        clerk-java-sdk:
            inputs:
                - location: ./openapi.yml
            registry:
                location: registry.speakeasyapi.dev/clerk/clerk/clerk-java-sdk
    targets:
        my-first-target:
            target: java
            source: clerk-java-sdk
            publish:
                java:
                    ossrhUsername: $ossrh_username
                    ossrhPassword: $ossrh_password
                    gpgSecretKey: $gpg_secret_key
                    gpgPassPhrase: $gpg_pass_phrase
